
Microsoft Visual Studio Solution File, Format Version 12.00
# Visual Studio Version 17
VisualStudioVersion = 17.0.31903.59
MinimumVisualStudioVersion = 10.0.40219.1
Project("{2150E333-8FDC-42A3-9474-1A3956D46DE8}") = "1.Host", "1.Host", "{D613A4EA-4D74-4FEB-B9E9-95ACFFCBCE94}"
EndProject
Project("{FAE04EC0-301F-11D3-BF4B-00C04F79EFBC}") = "AFAADMIN.WebApi", "src\Host\AFAADMIN.WebApi\AFAADMIN.WebApi.csproj", "{114E8F77-C693-43EE-9F67-4A8F88A68726}"
EndProject
Project("{2150E333-8FDC-42A3-9474-1A3956D46DE8}") = "2.Framework", "2.Framework", "{5F6FCE00-707C-4A5D-BEBB-0CFFB5CB791A}"
EndProject
Project("{FAE04EC0-301F-11D3-BF4B-00C04F79EFBC}") = "AFAADMIN.Common", "src\Framework\AFAADMIN.Common\AFAADMIN.Common.csproj", "{656E3A49-CC90-4995-A356-B7B8292BF98B}"
EndProject
Project("{FAE04EC0-301F-11D3-BF4B-00C04F79EFBC}") = "AFAADMIN.Database", "src\Framework\AFAADMIN.Database\AFAADMIN.Database.csproj", "{CF6BABF7-D7FB-44E8-A4D3-11C2ADC9425E}"
EndProject
Project("{FAE04EC0-301F-11D3-BF4B-00C04F79EFBC}") = "AFAADMIN.Web.Core", "src\Framework\AFAADMIN.Web.Core\AFAADMIN.Web.Core.csproj", "{59A5EE06-A88E-4B50-A5C1-62A3F89F40C9}"
EndProject
Project("{FAE04EC0-301F-11D3-BF4B-00C04F79EFBC}") = "AFAADMIN.Storage", "src\Framework\AFAADMIN.Storage\AFAADMIN.Storage.csproj", "{47445F67-23C1-4067-9548-126C09713F31}"
EndProject
Project("{FAE04EC0-301F-11D3-BF4B-00C04F79EFBC}") = "AFAADMIN.EventBus", "src\Framework\AFAADMIN.EventBus\AFAADMIN.EventBus.csproj", "{3AEA8E0A-FFE5-4AA9-B841-4E872396931B}"
EndProject
Project("{FAE04EC0-301F-11D3-BF4B-00C04F79EFBC}") = "AFAADMIN.AI", "src\Framework\AFAADMIN.AI\AFAADMIN.AI.csproj", "{33D5BF98-8D6D-45FF-BD4B-27FE38A6AC1A}"
EndProject
Project("{FAE04EC0-301F-11D3-BF4B-00C04F79EFBC}") = "AFAADMIN.Tools", "src\Framework\AFAADMIN.Tools\AFAADMIN.Tools.csproj", "{643EE05F-FB3B-4B08-B262-9A3FDEDFBBCC}"
EndProject
Project("{2150E333-8FDC-42A3-9474-1A3956D46DE8}") = "3.Modules", "3.Modules", "{102EDCB0-3BE8-4210-B548-1BC8FDD0D97C}"
EndProject
Project("{2150E333-8FDC-42A3-9474-1A3956D46DE8}") = "System", "System", "{8E34D9C5-F10D-476D-BA77-82EDBC0F540E}"
EndProject
Project("{FAE04EC0-301F-11D3-BF4B-00C04F79EFBC}") = "AFAADMIN.System.Domain", "src\Modules\System\AFAADMIN.System.Domain\AFAADMIN.System.Domain.csproj", "{B8AEAB80-B75A-4C66-89D2-42FA7A612DDA}"
EndProject
Project("{FAE04EC0-301F-11D3-BF4B-00C04F79EFBC}") = "AFAADMIN.System.Application", "src\Modules\System\AFAADMIN.System.Application\AFAADMIN.System.Application.csproj", "{FB8CC78F-B1AF-4CDA-BADA-B56A476E5D9B}"
EndProject
Project("{FAE04EC0-301F-11D3-BF4B-00C04F79EFBC}") = "AFAADMIN.System.Infrastructure", "src\Modules\System\AFAADMIN.System.Infrastructure\AFAADMIN.System.Infrastructure.csproj", "{CDFF73F9-F7B8-4E3A-873B-2641F6465B03}"
EndProject
Global
	GlobalSection(SolutionConfigurationPlatforms) = preSolution
		Debug|Any CPU = Debug|Any CPU
		Release|Any CPU = Release|Any CPU
	EndGlobalSection
	GlobalSection(SolutionProperties) = preSolution
		HideSolutionNode = FALSE
	EndGlobalSection
	GlobalSection(ProjectConfigurationPlatforms) = postSolution
		{114E8F77-C693-43EE-9F67-4A8F88A68726}.Debug|Any CPU.ActiveCfg = Debug|Any CPU
		{114E8F77-C693-43EE-9F67-4A8F88A68726}.Debug|Any CPU.Build.0 = Debug|Any CPU
		{114E8F77-C693-43EE-9F67-4A8F88A68726}.Release|Any CPU.ActiveCfg = Release|Any CPU
		{114E8F77-C693-43EE-9F67-4A8F88A68726}.Release|Any CPU.Build.0 = Release|Any CPU
		{656E3A49-CC90-4995-A356-B7B8292BF98B}.Debug|Any CPU.ActiveCfg = Debug|Any CPU
		{656E3A49-CC90-4995-A356-B7B8292BF98B}.Debug|Any CPU.Build.0 = Debug|Any CPU
		{656E3A49-CC90-4995-A356-B7B8292BF98B}.Release|Any CPU.ActiveCfg = Release|Any CPU
		{656E3A49-CC90-4995-A356-B7B8292BF98B}.Release|Any CPU.Build.0 = Release|Any CPU
		{CF6BABF7-D7FB-44E8-A4D3-11C2ADC9425E}.Debug|Any CPU.ActiveCfg = Debug|Any CPU
		{CF6BABF7-D7FB-44E8-A4D3-11C2ADC9425E}.Debug|Any CPU.Build.0 = Debug|Any CPU
		{CF6BABF7-D7FB-44E8-A4D3-11C2ADC9425E}.Release|Any CPU.ActiveCfg = Release|Any CPU
		{CF6BABF7-D7FB-44E8-A4D3-11C2ADC9425E}.Release|Any CPU.Build.0 = Release|Any CPU
		{59A5EE06-A88E-4B50-A5C1-62A3F89F40C9}.Debug|Any CPU.ActiveCfg = Debug|Any CPU
		{59A5EE06-A88E-4B50-A5C1-62A3F89F40C9}.Debug|Any CPU.Build.0 = Debug|Any CPU
		{59A5EE06-A88E-4B50-A5C1-62A3F89F40C9}.Release|Any CPU.ActiveCfg = Release|Any CPU
		{59A5EE06-A88E-4B50-A5C1-62A3F89F40C9}.Release|Any CPU.Build.0 = Release|Any CPU
		{47445F67-23C1-4067-9548-126C09713F31}.Debug|Any CPU.ActiveCfg = Debug|Any CPU
		{47445F67-23C1-4067-9548-126C09713F31}.Debug|Any CPU.Build.0 = Debug|Any CPU
		{47445F67-23C1-4067-9548-126C09713F31}.Release|Any CPU.ActiveCfg = Release|Any CPU
		{47445F67-23C1-4067-9548-126C09713F31}.Release|Any CPU.Build.0 = Release|Any CPU
		{3AEA8E0A-FFE5-4AA9-B841-4E872396931B}.Debug|Any CPU.ActiveCfg = Debug|Any CPU
		{3AEA8E0A-FFE5-4AA9-B841-4E872396931B}.Debug|Any CPU.Build.0 = Debug|Any CPU
		{3AEA8E0A-FFE5-4AA9-B841-4E872396931B}.Release|Any CPU.ActiveCfg = Release|Any CPU
		{3AEA8E0A-FFE5-4AA9-B841-4E872396931B}.Release|Any CPU.Build.0 = Release|Any CPU
		{33D5BF98-8D6D-45FF-BD4B-27FE38A6AC1A}.Debug|Any CPU.ActiveCfg = Debug|Any CPU
		{33D5BF98-8D6D-45FF-BD4B-27FE38A6AC1A}.Debug|Any CPU.Build.0 = Debug|Any CPU
		{33D5BF98-8D6D-45FF-BD4B-27FE38A6AC1A}.Release|Any CPU.ActiveCfg = Release|Any CPU
		{33D5BF98-8D6D-45FF-BD4B-27FE38A6AC1A}.Release|Any CPU.Build.0 = Release|Any CPU
		{643EE05F-FB3B-4B08-B262-9A3FDEDFBBCC}.Debug|Any CPU.ActiveCfg = Debug|Any CPU
		{643EE05F-FB3B-4B08-B262-9A3FDEDFBBCC}.Debug|Any CPU.Build.0 = Debug|Any CPU
		{643EE05F-FB3B-4B08-B262-9A3FDEDFBBCC}.Release|Any CPU.ActiveCfg = Release|Any CPU
		{643EE05F-FB3B-4B08-B262-9A3FDEDFBBCC}.Release|Any CPU.Build.0 = Release|Any CPU
		{B8AEAB80-B75A-4C66-89D2-42FA7A612DDA}.Debug|Any CPU.ActiveCfg = Debug|Any CPU
		{B8AEAB80-B75A-4C66-89D2-42FA7A612DDA}.Debug|Any CPU.Build.0 = Debug|Any CPU
		{B8AEAB80-B75A-4C66-89D2-42FA7A612DDA}.Release|Any CPU.ActiveCfg = Release|Any CPU
		{B8AEAB80-B75A-4C66-89D2-42FA7A612DDA}.Release|Any CPU.Build.0 = Release|Any CPU
		{FB8CC78F-B1AF-4CDA-BADA-B56A476E5D9B}.Debug|Any CPU.ActiveCfg = Debug|Any CPU
		{FB8CC78F-B1AF-4CDA-BADA-B56A476E5D9B}.Debug|Any CPU.Build.0 = Debug|Any CPU
		{FB8CC78F-B1AF-4CDA-BADA-B56A476E5D9B}.Release|Any CPU.ActiveCfg = Release|Any CPU
		{FB8CC78F-B1AF-4CDA-BADA-B56A476E5D9B}.Release|Any CPU.Build.0 = Release|Any CPU
		{CDFF73F9-F7B8-4E3A-873B-2641F6465B03}.Debug|Any CPU.ActiveCfg = Debug|Any CPU
		{CDFF73F9-F7B8-4E3A-873B-2641F6465B03}.Debug|Any CPU.Build.0 = Debug|Any CPU
		{CDFF73F9-F7B8-4E3A-873B-2641F6465B03}.Release|Any CPU.ActiveCfg = Release|Any CPU
		{CDFF73F9-F7B8-4E3A-873B-2641F6465B03}.Release|Any CPU.Build.0 = Release|Any CPU
	EndGlobalSection
	GlobalSection(NestedProjects) = preSolution
		{114E8F77-C693-43EE-9F67-4A8F88A68726} = {D613A4EA-4D74-4FEB-B9E9-95ACFFCBCE94}
		{656E3A49-CC90-4995-A356-B7B8292BF98B} = {5F6FCE00-707C-4A5D-BEBB-0CFFB5CB791A}
		{CF6BABF7-D7FB-44E8-A4D3-11C2ADC9425E} = {5F6FCE00-707C-4A5D-BEBB-0CFFB5CB791A}
		{59A5EE06-A88E-4B50-A5C1-62A3F89F40C9} = {5F6FCE00-707C-4A5D-BEBB-0CFFB5CB791A}
		{47445F67-23C1-4067-9548-126C09713F31} = {5F6FCE00-707C-4A5D-BEBB-0CFFB5CB791A}
		{3AEA8E0A-FFE5-4AA9-B841-4E872396931B} = {5F6FCE00-707C-4A5D-BEBB-0CFFB5CB791A}
		{33D5BF98-8D6D-45FF-BD4B-27FE38A6AC1A} = {5F6FCE00-707C-4A5D-BEBB-0CFFB5CB791A}
		{643EE05F-FB3B-4B08-B262-9A3FDEDFBBCC} = {5F6FCE00-707C-4A5D-BEBB-0CFFB5CB791A}
		{8E34D9C5-F10D-476D-BA77-82EDBC0F540E} = {102EDCB0-3BE8-4210-B548-1BC8FDD0D97C}
		{B8AEAB80-B75A-4C66-89D2-42FA7A612DDA} = {8E34D9C5-F10D-476D-BA77-82EDBC0F540E}
		{FB8CC78F-B1AF-4CDA-BADA-B56A476E5D9B} = {8E34D9C5-F10D-476D-BA77-82EDBC0F540E}
		{CDFF73F9-F7B8-4E3A-873B-2641F6465B03} = {8E34D9C5-F10D-476D-BA77-82EDBC0F540E}
	EndGlobalSection
EndGlobal
